
Microsoft Visual Studio Solution File, Format Version 12.00
# Visual Studio Version 17
VisualStudioVersion = 17.0.31903.59
MinimumVisualStudioVersion = 10.0.40219.1
Project("{2150E333-8FDC-42A3-9474-1A3956D46DE8}") = "src", "src", "{DDF36641-7ABC-44A2-868E-4D8E3E39F662}"
EndProject
Project("{FAE04EC0-301F-11D3-BF4B-00C04F79EFBC}") = "BaiJi.Core", "src\BaiJi.Core\BaiJi.Core.csproj", "{991205BB-3C05-4CB5-A7CD-1254B4A59C3D}"
EndProject
Project("{2150E333-8FDC-42A3-9474-1A3956D46DE8}") = "tests", "tests", "{030EA60E-CBCA-4615-BA26-4E47C421DE4E}"
EndProject
Project("{FAE04EC0-301F-11D3-BF4B-00C04F79EFBC}") = "BaiJi.Tests", "tests\BaiJi.Tests\BaiJi.Tests.csproj", "{E7A0659B-A71E-460F-8498-59BCE1AC6CDF}"
EndProject
Project("{FAE04EC0-301F-11D3-BF4B-00C04F79EFBC}") = "BaiJi.App", "src\BaiJi.App\BaiJi.App.csproj", "{47A02364-01E1-4253-AA6C-BE16CA1F51E8}"
EndProject
Project("{FAE04EC0-301F-11D3-BF4B-00C04F79EFBC}") = "BaiJi.UITests", "tests\BaiJi.UITests\BaiJi.UITests.csproj", "{846F96B1-9436-48F6-91EA-DAC16A4B3538}"
EndProject
Global
	GlobalSection(SolutionConfigurationPlatforms) = preSolution
		Debug|Any CPU = Debug|Any CPU
		Release|Any CPU = Release|Any CPU
	EndGlobalSection
	GlobalSection(SolutionProperties) = preSolution
		HideSolutionNode = FALSE
	EndGlobalSection
	GlobalSection(ProjectConfigurationPlatforms) = postSolution
		{991205BB-3C05-4CB5-A7CD-1254B4A59C3D}.Debug|Any CPU.ActiveCfg = Debug|Any CPU
		{991205BB-3C05-4CB5-A7CD-1254B4A59C3D}.Debug|Any CPU.Build.0 = Debug|Any CPU
		{991205BB-3C05-4CB5-A7CD-1254B4A59C3D}.Release|Any CPU.ActiveCfg = Release|Any CPU
		{991205BB-3C05-4CB5-A7CD-1254B4A59C3D}.Release|Any CPU.Build.0 = Release|Any CPU
		{E7A0659B-A71E-460F-8498-59BCE1AC6CDF}.Debug|Any CPU.ActiveCfg = Debug|Any CPU
		{E7A0659B-A71E-460F-8498-59BCE1AC6CDF}.Debug|Any CPU.Build.0 = Debug|Any CPU
		{E7A0659B-A71E-460F-8498-59BCE1AC6CDF}.Release|Any CPU.ActiveCfg = Release|Any CPU
		{E7A0659B-A71E-460F-8498-59BCE1AC6CDF}.Release|Any CPU.Build.0 = Release|Any CPU
		{47A02364-01E1-4253-AA6C-BE16CA1F51E8}.Debug|Any CPU.ActiveCfg = Debug|x64
		{47A02364-01E1-4253-AA6C-BE16CA1F51E8}.Debug|Any CPU.Build.0 = Debug|x64
		{47A02364-01E1-4253-AA6C-BE16CA1F51E8}.Release|Any CPU.ActiveCfg = Release|x64
		{47A02364-01E1-4253-AA6C-BE16CA1F51E8}.Release|Any CPU.Build.0 = Release|x64
		{846F96B1-9436-48F6-91EA-DAC16A4B3538}.Debug|Any CPU.ActiveCfg = Debug|x64
		{846F96B1-9436-48F6-91EA-DAC16A4B3538}.Debug|Any CPU.Build.0 = Debug|x64
		{846F96B1-9436-48F6-91EA-DAC16A4B3538}.Release|Any CPU.ActiveCfg = Release|x64
		{846F96B1-9436-48F6-91EA-DAC16A4B3538}.Release|Any CPU.Build.0 = Release|x64
	EndGlobalSection
	GlobalSection(NestedProjects) = preSolution
		{991205BB-3C05-4CB5-A7CD-1254B4A59C3D} = {DDF36641-7ABC-44A2-868E-4D8E3E39F662}
		{E7A0659B-A71E-460F-8498-59BCE1AC6CDF} = {030EA60E-CBCA-4615-BA26-4E47C421DE4E}
		{47A02364-01E1-4253-AA6C-BE16CA1F51E8} = {DDF36641-7ABC-44A2-868E-4D8E3E39F662}
		{846F96B1-9436-48F6-91EA-DAC16A4B3538} = {030EA60E-CBCA-4615-BA26-4E47C421DE4E}
	EndGlobalSection
EndGlobal
